<?xml version="1.0" encoding="utf-8"?>
<Project ToolsVersion="15.0" xmlns="http://schemas.microsoft.com/developer/msbuild/2003">
  <ItemGroup>
    <CustomBuild Include="D:\zty\nottingham\normal\year2\H62PEP\cp-week4\example_2\bd\CMakeFiles\eb41fc20b849d3bfbcd980292718acbf\generate.stamp.rule">
      <Filter>CMake Rules</Filter>
    </CustomBuild>
  </ItemGroup>
  <ItemGroup>
    <Filter Include="CMake Rules">
      <UniqueIdentifier>{1C387842-E830-3B34-BC42-3F597F587EDF}</UniqueIdentifier>
    </Filter>
  </ItemGroup>
</Project>
